// !$*UTF8*$!
{
	archiveVersion = 1;
	classes = {
	};
	objectVersion = 77;
	objects = {

/* Begin PBXBuildFile section */
		5E0000000000000000000010 /* RecorderCore in Frameworks */ = {isa = PBXBuildFile; productRef = 5E0000000000000000000011 /* RecorderCore */; };
/* End PBXBuildFile section */

/* Begin PBXFileReference section */
		5E0000000000000000000001 /* WoW Session Recorder.app */ = {isa = PBXFileReference; explicitFileType = wrapper.application; includeInIndex = 0; path = "WoW Session Recorder.app"; sourceTree = BUILT_PRODUCTS_DIR; };
		5E0000000000000000000013 /* RecorderCore */ = {isa = PBXFileReference; lastKnownFileType = wrapper; name = RecorderCore; path = Packages/RecorderCore; sourceTree = "<group>"; };
		5E0000000000000000000014 /* addon */ = {isa = PBXFileReference; lastKnownFileType = folder; path = addon; sourceTree = "<group>"; };
/* End PBXFileReference section */

/* Begin PBXFileSystemSynchronizedRootGroup section */
		5E0000000000000000000002 /* SessionRecorder */ = {
			isa = PBXFileSystemSynchronizedRootGroup;
			path = SessionRecorder;
			sourceTree = "<group>";
		};
/* End PBXFileSystemSynchronizedRootGroup section */

/* Begin PBXFrameworksBuildPhase section */
		5E0000000000000000000003 /* Frameworks */ = {
			isa = PBXFrameworksBuildPhase;
			buildActionMask = 2147483647;
			files = (
				5E0000000000000000000010 /* RecorderCore in Frameworks */,
			);
			runOnlyForDeploymentPostprocessing = 0;
		};
/* End PBXFrameworksBuildPhase section */

/* Begin PBXGroup section */
		5E0000000000000000000004 = {
			isa = PBXGroup;
			children = (
				5E0000000000000000000002 /* SessionRecorder */,
				5E0000000000000000000013 /* RecorderCore */,
				5E0000000000000000000014 /* addon */,
				5E0000000000000000000005 /* Products */,
			);
			sourceTree = "<group>";
		};
		5E0000000000000000000005 /* Products */ = {
			isa = PBXGroup;
			children = (
				5E0000000000000000000001 /* WoW Session Recorder.app */,
			);
			name = Products;
			sourceTree = "<group>";
		};
/* End PBXGroup section */

/* Begin PBXNativeTarget section */
		5E0000000000000000000006 /* SessionRecorder */ = {
			isa = PBXNativeTarget;
			buildConfigurationList = 5E0000000000000000000020 /* Build configuration list for PBXNativeTarget "SessionRecorder" */;
			buildPhases = (
				5E0000000000000000000007 /* Sources */,
				5E0000000000000000000003 /* Frameworks */,
				5E0000000000000000000008 /* Resources */,
				5E0000000000000000000009 /* Bundle Helper Addon */,
			);
			buildRules = (
			);
			dependencies = (
			);
			fileSystemSynchronizedGroups = (
				5E0000000000000000000002 /* SessionRecorder */,
			);
			name = SessionRecorder;
			packageProductDependencies = (
				5E0000000000000000000011 /* RecorderCore */,
			);
			productName = SessionRecorder;
			productReference = 5E0000000000000000000001 /* WoW Session Recorder.app */;
			productType = "com.apple.product-type.application";
		};
/* End PBXNativeTarget section */

/* Begin PBXProject section */
		5E000000000000000000000A /* Project object */ = {
			isa = PBXProject;
			attributes = {
				BuildIndependentTargetsInParallel = 1;
				LastSwiftUpdateCheck = 2700;
				LastUpgradeCheck = 2700;
				TargetAttributes = {
					5E0000000000000000000006 = {
						CreatedOnToolsVersion = 27.0;
					};
				};
			};
			buildConfigurationList = 5E0000000000000000000023 /* Build configuration list for PBXProject "SessionRecorder" */;
			developmentRegion = en;
			hasScannedForEncodings = 0;
			knownRegions = (
				en,
				Base,
			);
			mainGroup = 5E0000000000000000000004;
			minimizedProjectReferenceProxies = 1;
			packageReferences = (
				5E0000000000000000000012 /* XCLocalSwiftPackageReference "Packages/RecorderCore" */,
			);
			preferredProjectObjectVersion = 77;
			productRefGroup = 5E0000000000000000000005 /* Products */;
			projectDirPath = "";
			projectRoot = "";
			targets = (
				5E0000000000000000000006 /* SessionRecorder */,
			);
		};
/* End PBXProject section */

/* Begin PBXResourcesBuildPhase section */
		5E0000000000000000000008 /* Resources */ = {
			isa = PBXResourcesBuildPhase;
			buildActionMask = 2147483647;
			files = (
			);
			runOnlyForDeploymentPostprocessing = 0;
		};
/* End PBXResourcesBuildPhase section */

/* Begin PBXShellScriptBuildPhase section */
		5E0000000000000000000009 /* Bundle Helper Addon */ = {
			isa = PBXShellScriptBuildPhase;
			alwaysOutOfDate = 1;
			buildActionMask = 2147483647;
			files = (
			);
			inputFileListPaths = (
			);
			inputPaths = (
			);
			name = "Bundle Helper Addon";
			outputFileListPaths = (
			);
			outputPaths = (
			);
			runOnlyForDeploymentPostprocessing = 0;
			shellPath = /bin/sh;
			shellScript = "set -e\nDEST=\"${TARGET_BUILD_DIR}/${UNLOCALIZED_RESOURCES_FOLDER_PATH}/Addon\"\nrm -rf \"${DEST}\"\nmkdir -p \"${DEST}\"\ncp -R \"${SRCROOT}/addon/SessionRecorderHelper\" \"${DEST}/\"\n";
		};
/* End PBXShellScriptBuildPhase section */

/* Begin PBXSourcesBuildPhase section */
		5E0000000000000000000007 /* Sources */ = {
			isa = PBXSourcesBuildPhase;
			buildActionMask = 2147483647;
			files = (
			);
			runOnlyForDeploymentPostprocessing = 0;
		};
/* End PBXSourcesBuildPhase section */

/* Begin XCBuildConfiguration section */
		5E0000000000000000000021 /* Debug */ = {
			isa = XCBuildConfiguration;
			buildSettings = {
				ASSETCATALOG_COMPILER_APPICON_NAME = AppIcon;
				CODE_SIGN_IDENTITY = "-";
				CODE_SIGN_STYLE = Manual;
				COMBINE_HIDPI_IMAGES = YES;
				CURRENT_PROJECT_VERSION = 1;
				ENABLE_APP_SANDBOX = NO;
				ENABLE_HARDENED_RUNTIME = YES;
				ENABLE_USER_SCRIPT_SANDBOXING = NO;
				GENERATE_INFOPLIST_FILE = YES;
				INFOPLIST_KEY_CFBundleDisplayName = "WoW Session Recorder";
				INFOPLIST_KEY_LSApplicationCategoryType = "public.app-category.video";
				INFOPLIST_KEY_LSUIElement = YES;
				INFOPLIST_KEY_NSHumanReadableCopyright = "";
				LD_RUNPATH_SEARCH_PATHS = (
					"$(inherited)",
					"@executable_path/../Frameworks",
				);
				MARKETING_VERSION = 0.1.0;
				PRODUCT_BUNDLE_IDENTIFIER = io.github.wowsessionrecorder.SessionRecorder;
				PRODUCT_NAME = "WoW Session Recorder";
				SWIFT_EMIT_LOC_STRINGS = YES;
				SWIFT_VERSION = 6.0;
			};
			name = Debug;
		};
		5E0000000000000000000022 /* Release */ = {
			isa = XCBuildConfiguration;
			buildSettings = {
				ASSETCATALOG_COMPILER_APPICON_NAME = AppIcon;
				CODE_SIGN_IDENTITY = "-";
				CODE_SIGN_STYLE = Manual;
				COMBINE_HIDPI_IMAGES = YES;
				CURRENT_PROJECT_VERSION = 1;
				ENABLE_APP_SANDBOX = NO;
				ENABLE_HARDENED_RUNTIME = YES;
				ENABLE_USER_SCRIPT_SANDBOXING = NO;
				GENERATE_INFOPLIST_FILE = YES;
				INFOPLIST_KEY_CFBundleDisplayName = "WoW Session Recorder";
				INFOPLIST_KEY_LSApplicationCategoryType = "public.app-category.video";
				INFOPLIST_KEY_LSUIElement = YES;
				INFOPLIST_KEY_NSHumanReadableCopyright = "";
				LD_RUNPATH_SEARCH_PATHS = (
					"$(inherited)",
					"@executable_path/../Frameworks",
				);
				MARKETING_VERSION = 0.1.0;
				PRODUCT_BUNDLE_IDENTIFIER = io.github.wowsessionrecorder.SessionRecorder;
				PRODUCT_NAME = "WoW Session Recorder";
				SWIFT_EMIT_LOC_STRINGS = YES;
				SWIFT_VERSION = 6.0;
			};
			name = Release;
		};
		5E0000000000000000000024 /* Debug */ = {
			isa = XCBuildConfiguration;
			buildSettings = {
				ALWAYS_SEARCH_USER_PATHS = NO;
				ASSETCATALOG_COMPILER_GENERATE_SWIFT_ASSET_SYMBOL_EXTENSIONS = YES;
				CLANG_ENABLE_MODULES = YES;
				CLANG_ENABLE_OBJC_ARC = YES;
				COPY_PHASE_STRIP = NO;
				DEBUG_INFORMATION_FORMAT = dwarf;
				ENABLE_STRICT_OBJC_MSGSEND = YES;
				ENABLE_TESTABILITY = YES;
				GCC_DYNAMIC_NO_PIC = NO;
				GCC_OPTIMIZATION_LEVEL = 0;
				GCC_PREPROCESSOR_DEFINITIONS = (
					"DEBUG=1",
					"$(inherited)",
				);
				MACOSX_DEPLOYMENT_TARGET = 15.0;
				ONLY_ACTIVE_ARCH = YES;
				SDKROOT = macosx;
				SWIFT_ACTIVE_COMPILATION_CONDITIONS = "DEBUG $(inherited)";
				SWIFT_OPTIMIZATION_LEVEL = "-Onone";
			};
			name = Debug;
		};
		5E0000000000000000000025 /* Release */ = {
			isa = XCBuildConfiguration;
			buildSettings = {
				ALWAYS_SEARCH_USER_PATHS = NO;
				ASSETCATALOG_COMPILER_GENERATE_SWIFT_ASSET_SYMBOL_EXTENSIONS = YES;
				CLANG_ENABLE_MODULES = YES;
				CLANG_ENABLE_OBJC_ARC = YES;
				COPY_PHASE_STRIP = NO;
				DEBUG_INFORMATION_FORMAT = "dwarf-with-dsym";
				ENABLE_NS_ASSERTIONS = NO;
				ENABLE_STRICT_OBJC_MSGSEND = YES;
				MACOSX_DEPLOYMENT_TARGET = 15.0;
				SDKROOT = macosx;
				SWIFT_COMPILATION_MODE = wholemodule;
			};
			name = Release;
		};
/* End XCBuildConfiguration section */

/* Begin XCConfigurationList section */
		5E0000000000000000000020 /* Build configuration list for PBXNativeTarget "SessionRecorder" */ = {
			isa = XCConfigurationList;
			buildConfigurations = (
				5E0000000000000000000021 /* Debug */,
				5E0000000000000000000022 /* Release */,
			);
			defaultConfigurationIsVisible = 0;
			defaultConfigurationName = Release;
		};
		5E0000000000000000000023 /* Build configuration list for PBXProject "SessionRecorder" */ = {
			isa = XCConfigurationList;
			buildConfigurations = (
				5E0000000000000000000024 /* Debug */,
				5E0000000000000000000025 /* Release */,
			);
			defaultConfigurationIsVisible = 0;
			defaultConfigurationName = Release;
		};
/* End XCConfigurationList section */

/* Begin XCLocalSwiftPackageReference section */
		5E0000000000000000000012 /* XCLocalSwiftPackageReference "Packages/RecorderCore" */ = {
			isa = XCLocalSwiftPackageReference;
			relativePath = Packages/RecorderCore;
		};
/* End XCLocalSwiftPackageReference section */

/* Begin XCSwiftPackageProductDependency section */
		5E0000000000000000000011 /* RecorderCore */ = {
			isa = XCSwiftPackageProductDependency;
			productName = RecorderCore;
		};
/* End XCSwiftPackageProductDependency section */
	};
	rootObject = 5E000000000000000000000A /* Project object */;
}
